
Microsoft Visual Studio Solution File, Format Version 12.00
# Visual Studio Version 16
VisualStudioVersion = 16.0.30717.126
MinimumVisualStudioVersion = 10.0.40219.1
Project("{FAE04EC0-301F-11D3-BF4B-00C04F79EFBC}") = "WebProgrammingExam.App", "WebProgrammingExam\WebProgrammingExam.App.csproj", "{93C7C0BF-FFEE-4F03-B793-204A7928D61E}"
EndProject
Project("{FAE04EC0-301F-11D3-BF4B-00C04F79EFBC}") = "WebProgrammingExam.Models", "Models\WebProgrammingExam.Models.csproj", "{DF3EF041-02F0-476E-94D9-FEFC0E77DB62}"
EndProject
Project("{FAE04EC0-301F-11D3-BF4B-00C04F79EFBC}") = "WebProgrammingExam.Data", "WebProgrammingExam.Data\WebProgrammingExam.Data.csproj", "{C9C14192-50DE-44EB-902D-2F7A89AFEF4D}"
EndProject
Global
	GlobalSection(SolutionConfigurationPlatforms) = preSolution
		Debug|Any CPU = Debug|Any CPU
		Release|Any CPU = Release|Any CPU
	EndGlobalSection
	GlobalSection(ProjectConfigurationPlatforms) = postSolution
		{93C7C0BF-FFEE-4F03-B793-204A7928D61E}.Debug|Any CPU.ActiveCfg = Debug|Any CPU
		{93C7C0BF-FFEE-4F03-B793-204A7928D61E}.Debug|Any CPU.Build.0 = Debug|Any CPU
		{93C7C0BF-FFEE-4F03-B793-204A7928D61E}.Release|Any CPU.ActiveCfg = Release|Any CPU
		{93C7C0BF-FFEE-4F03-B793-204A7928D61E}.Release|Any CPU.Build.0 = Release|Any CPU
		{DF3EF041-02F0-476E-94D9-FEFC0E77DB62}.Debug|Any CPU.ActiveCfg = Debug|Any CPU
		{DF3EF041-02F0-476E-94D9-FEFC0E77DB62}.Debug|Any CPU.Build.0 = Debug|Any CPU
		{DF3EF041-02F0-476E-94D9-FEFC0E77DB62}.Release|Any CPU.ActiveCfg = Release|Any CPU
		{DF3EF041-02F0-476E-94D9-FEFC0E77DB62}.Release|Any CPU.Build.0 = Release|Any CPU
		{C9C14192-50DE-44EB-902D-2F7A89AFEF4D}.Debug|Any CPU.ActiveCfg = Debug|Any CPU
		{C9C14192-50DE-44EB-902D-2F7A89AFEF4D}.Debug|Any CPU.Build.0 = Debug|Any CPU
		{C9C14192-50DE-44EB-902D-2F7A89AFEF4D}.Release|Any CPU.ActiveCfg = Release|Any CPU
		{C9C14192-50DE-44EB-902D-2F7A89AFEF4D}.Release|Any CPU.Build.0 = Release|Any CPU
	EndGlobalSection
	GlobalSection(SolutionProperties) = preSolution
		HideSolutionNode = FALSE
	EndGlobalSection
	GlobalSection(ExtensibilityGlobals) = postSolution
		SolutionGuid = {75DFFDBC-F994-468E-B4F1-F512A6279913}
	EndGlobalSection
EndGlobal
